
Microsoft Visual Studio Solution File, Format Version 12.00
# Visual Studio Version 17
VisualStudioVersion = 17.4.33213.308
MinimumVisualStudioVersion = 10.0.40219.1
Project("{FAE04EC0-301F-11D3-BF4B-00C04F79EFBC}") = "Flat", "Flat.csproj", "{F41B1499-1F03-457B-A43D-EB6FD99D094D}"
EndProject
Global
	GlobalSection(SolutionConfigurationPlatforms) = preSolution
		Debug|Any CPU = Debug|Any CPU
		Release|Any CPU = Release|Any CPU
	EndGlobalSection
	GlobalSection(ProjectConfigurationPlatforms) = postSolution
		{F41B1499-1F03-457B-A43D-EB6FD99D094D}.Debug|Any CPU.ActiveCfg = Release|Any CPU
		{F41B1499-1F03-457B-A43D-EB6FD99D094D}.Debug|Any CPU.Build.0 = Release|Any CPU
		{F41B1499-1F03-457B-A43D-EB6FD99D094D}.Release|Any CPU.ActiveCfg = Release|Any CPU
		{F41B1499-1F03-457B-A43D-EB6FD99D094D}.Release|Any CPU.Build.0 = Release|Any CPU
	EndGlobalSection
	GlobalSection(SolutionProperties) = preSolution
		HideSolutionNode = FALSE
	EndGlobalSection
	GlobalSection(ExtensibilityGlobals) = postSolution
		SolutionGuid = {4D314D16-EBCF-43AB-9A38-F015A025B594}
	EndGlobalSection
EndGlobal
